{
  "version": 4,
  "terraform_version": "1.3.3",
  "serial": 7,
  "lineage": "e18f7c53-1b1b-332b-26a2-50f0c0b1b0eb",
  "outputs": {
    "ip_address": {
      "value": [
        "137.184.232.95",
        "144.126.220.16"
      ],
      "type": [
        "tuple",
        [
          "string",
          "string"
        ]
      ]
    }
  },
  "resources": [
    {
      "mode": "data",
      "type": "digitalocean_project",
      "name": "lab_project",
      "provider": "provider[\"registry.terraform.io/digitalocean/digitalocean\"]",
      "instances": [
        {
          "schema_version": 0,
          "attributes": {
            "created_at": "2022-10-24T21:15:11Z",
            "description": "Used for labs for the 4640 class",
            "environment": "",
            "id": "9c63b010-2ceb-4ce5-b893-8dc3c713b2ea",
            "is_default": false,
            "name": "ACIT 4640",
            "owner_id": 9000994,
            "owner_uuid": "120f9ecf-5651-4b5d-bbd5-a415fcd490e8",
            "purpose": "Class project / Educational purposes",
            "resources": [],
            "updated_at": "2022-10-24T21:15:11Z"
          },
          "sensitive_attributes": []
        }
      ]
    },
    {
      "mode": "data",
      "type": "digitalocean_ssh_key",
      "name": "ssh_key",
      "provider": "provider[\"registry.terraform.io/digitalocean/digitalocean\"]",
      "instances": [
        {
          "schema_version": 0,
          "attributes": {
            "fingerprint": "a9:3a:5f:ae:00:9e:67:b7:85:2d:d0:09:52:82:2d:97",
            "id": 36580315,
            "name": "spirit-digital-ocean",
            "public_key": "ssh-rsa AAAAB3NzaC1yc2EAAAADAQABAAABgQCbj0TalDbqewKEmtjINP4nasnGSZYCTqPDtQ0vjGcnJNH5es5XzX2JTp7/0WMVeuRqVJhFl1YoN9tspHFGdKkGqymL1BvebiaBqbBfVhlA4AWvNx5JgnQv0itazWD68rDH5ARt6YusA+KKXjk/ZyA+8lp3PKtM8yQ0ox9NaxtabqfPMeX/kw6Xd9RgShocwXpJmb0LV1vobCtb0ILbGO9acW7zz1VIrtQM0pwbuKdXdH2oztoIem4CXBNyX02s/dBpSdFeAFa4FXW6RnvTHzEXSHQ7skTnx6EVntd96+ep74JDO6LCCRLxhnSNVwMPkEUEEQ3jck+yt/s1mKNJYOPGoG235UVmsOkJffsqF8thA+xf9qZEOQvfNvNwK2YiWiykJYl9QppJiH4MzhKm9yxhxFbnYiNUI5mQ3GuVD/4cGFTVB3jOmZQnENeWMVJSzlgDVZ2VafdPq1s/SA41UFSeBYcG+Ol1WTAcZaUUmrdIJ4Aov0nW90Sfc1+7Z6bHBM8= hati@spirit"
          },
          "sensitive_attributes": []
        }
      ]
    },
    {
      "mode": "managed",
      "type": "digitalocean_droplet",
      "name": "lab_droplet",
      "provider": "provider[\"registry.terraform.io/digitalocean/digitalocean\"]",
      "instances": [
        {
          "index_key": 0,
          "schema_version": 1,
          "attributes": {
            "backups": false,
            "created_at": "2022-11-07T22:41:02Z",
            "disk": 10,
            "droplet_agent": null,
            "graceful_shutdown": false,
            "id": "324970349",
            "image": "rockylinux-9-x64",
            "ipv4_address": "137.184.232.95",
            "ipv4_address_private": "10.124.16.3",
            "ipv6": false,
            "ipv6_address": "",
            "locked": false,
            "memory": 512,
            "monitoring": false,
            "name": "lab-1",
            "price_hourly": 0.00595,
            "price_monthly": 4,
            "private_networking": true,
            "region": "sfo3",
            "resize_disk": true,
            "size": "s-1vcpu-512mb-10gb",
            "ssh_keys": [
              "36580315"
            ],
            "status": "active",
            "tags": [
              "Lab"
            ],
            "timeouts": null,
            "urn": "do:droplet:324970349",
            "user_data": null,
            "vcpus": 1,
            "volume_ids": [],
            "vpc_uuid": "06a1ba33-b7b6-4863-8019-1c6e220bb859"
          },
          "sensitive_attributes": [],
          "private": "eyJlMmJmYjczMC1lY2FhLTExZTYtOGY4OC0zNDM2M2JjN2M0YzAiOnsiY3JlYXRlIjozNjAwMDAwMDAwMDAwLCJkZWxldGUiOjYwMDAwMDAwMDAwLCJ1cGRhdGUiOjM2MDAwMDAwMDAwMDB9LCJzY2hlbWFfdmVyc2lvbiI6IjEifQ==",
          "dependencies": [
            "data.digitalocean_ssh_key.ssh_key",
            "digitalocean_tag.lab_tag",
            "digitalocean_vpc.lab_vpc"
          ],
          "create_before_destroy": true
        },
        {
          "index_key": 1,
          "schema_version": 1,
          "attributes": {
            "backups": false,
            "created_at": "2022-11-07T22:41:02Z",
            "disk": 10,
            "droplet_agent": null,
            "graceful_shutdown": false,
            "id": "324970348",
            "image": "rockylinux-9-x64",
            "ipv4_address": "144.126.220.16",
            "ipv4_address_private": "10.124.16.2",
            "ipv6": false,
            "ipv6_address": "",
            "locked": false,
            "memory": 512,
            "monitoring": false,
            "name": "lab-2",
            "price_hourly": 0.00595,
            "price_monthly": 4,
            "private_networking": true,
            "region": "sfo3",
            "resize_disk": true,
            "size": "s-1vcpu-512mb-10gb",
            "ssh_keys": [
              "36580315"
            ],
            "status": "active",
            "tags": [
              "Lab"
            ],
            "timeouts": null,
            "urn": "do:droplet:324970348",
            "user_data": null,
            "vcpus": 1,
            "volume_ids": [],
            "vpc_uuid": "06a1ba33-b7b6-4863-8019-1c6e220bb859"
          },
          "sensitive_attributes": [],
          "private": "eyJlMmJmYjczMC1lY2FhLTExZTYtOGY4OC0zNDM2M2JjN2M0YzAiOnsiY3JlYXRlIjozNjAwMDAwMDAwMDAwLCJkZWxldGUiOjYwMDAwMDAwMDAwLCJ1cGRhdGUiOjM2MDAwMDAwMDAwMDB9LCJzY2hlbWFfdmVyc2lvbiI6IjEifQ==",
          "dependencies": [
            "data.digitalocean_ssh_key.ssh_key",
            "digitalocean_tag.lab_tag",
            "digitalocean_vpc.lab_vpc"
          ],
          "create_before_destroy": true
        }
      ]
    },
    {
      "mode": "managed",
      "type": "digitalocean_loadbalancer",
      "name": "public",
      "provider": "provider[\"registry.terraform.io/digitalocean/digitalocean\"]",
      "instances": [
        {
          "schema_version": 1,
          "attributes": {
            "algorithm": "round_robin",
            "disable_lets_encrypt_dns_records": false,
            "droplet_ids": [
              324970348,
              324970349
            ],
            "droplet_tag": "Lab",
            "enable_backend_keepalive": false,
            "enable_proxy_protocol": false,
            "forwarding_rule": [
              {
                "certificate_id": "",
                "certificate_name": "",
                "entry_port": 80,
                "entry_protocol": "http",
                "target_port": 80,
                "target_protocol": "http",
                "tls_passthrough": false
              }
            ],
            "healthcheck": [
              {
                "check_interval_seconds": 10,
                "healthy_threshold": 5,
                "path": "",
                "port": 22,
                "protocol": "tcp",
                "response_timeout_seconds": 5,
                "unhealthy_threshold": 3
              }
            ],
            "id": "20ec03a9-da82-4acd-a6ff-9872f8c10fad",
            "ip": "164.90.247.76",
            "name": "loadbalancer-1",
            "redirect_http_to_https": false,
            "region": "sfo3",
            "size": null,
            "size_unit": 1,
            "status": "active",
            "sticky_sessions": [
              {
                "cookie_name": "",
                "cookie_ttl_seconds": 0,
                "type": "none"
              }
            ],
            "urn": "do:loadbalancer:20ec03a9-da82-4acd-a6ff-9872f8c10fad",
            "vpc_uuid": "06a1ba33-b7b6-4863-8019-1c6e220bb859"
          },
          "sensitive_attributes": [],
          "private": "eyJzY2hlbWFfdmVyc2lvbiI6IjEifQ==",
          "dependencies": [
            "digitalocean_vpc.lab_vpc"
          ]
        }
      ]
    },
    {
      "mode": "managed",
      "type": "digitalocean_project_resources",
      "name": "lab_project_resources",
      "provider": "provider[\"registry.terraform.io/digitalocean/digitalocean\"]",
      "instances": [
        {
          "schema_version": 0,
          "attributes": {
            "id": "9c63b010-2ceb-4ce5-b893-8dc3c713b2ea",
            "project": "9c63b010-2ceb-4ce5-b893-8dc3c713b2ea",
            "resources": [
              "do:droplet:324970348",
              "do:droplet:324970349"
            ]
          },
          "sensitive_attributes": [],
          "private": "bnVsbA==",
          "dependencies": [
            "data.digitalocean_project.lab_project",
            "data.digitalocean_ssh_key.ssh_key",
            "digitalocean_droplet.lab_droplet",
            "digitalocean_tag.lab_tag",
            "digitalocean_vpc.lab_vpc"
          ]
        }
      ]
    },
    {
      "mode": "managed",
      "type": "digitalocean_tag",
      "name": "lab_tag",
      "provider": "provider[\"registry.terraform.io/digitalocean/digitalocean\"]",
      "instances": [
        {
          "schema_version": 0,
          "attributes": {
            "databases_count": 0,
            "droplets_count": 0,
            "id": "Lab",
            "images_count": 0,
            "name": "Lab",
            "total_resource_count": 0,
            "volume_snapshots_count": 0,
            "volumes_count": 0
          },
          "sensitive_attributes": [],
          "private": "bnVsbA==",
          "create_before_destroy": true
        }
      ]
    },
    {
      "mode": "managed",
      "type": "digitalocean_vpc",
      "name": "lab_vpc",
      "provider": "provider[\"registry.terraform.io/digitalocean/digitalocean\"]",
      "instances": [
        {
          "schema_version": 0,
          "attributes": {
            "created_at": "2022-11-07 22:41:01 +0000 UTC",
            "default": false,
            "description": "",
            "id": "06a1ba33-b7b6-4863-8019-1c6e220bb859",
            "ip_range": "10.124.16.0/20",
            "name": "ACIT4640",
            "region": "sfo3",
            "timeouts": null,
            "urn": "do:vpc:06a1ba33-b7b6-4863-8019-1c6e220bb859"
          },
          "sensitive_attributes": [],
          "private": "eyJlMmJmYjczMC1lY2FhLTExZTYtOGY4OC0zNDM2M2JjN2M0YzAiOnsiZGVsZXRlIjoxMjAwMDAwMDAwMDB9fQ==",
          "create_before_destroy": true
        }
      ]
    }
  ],
  "check_results": []
}
